
Microsoft Visual Studio Solution File, Format Version 12.00
# Visual Studio 2012
Project("{FAE04EC0-301F-11D3-BF4B-00C04F79EFBC}") = "TP_Calculadora", "TP_Calculadora\TP_Calculadora.csproj", "{78769B84-4A26-466A-8CCA-10FCBDEC833E}"
EndProject
Global
	GlobalSection(SolutionConfigurationPlatforms) = preSolution
		Debug|Any CPU = Debug|Any CPU
		Release|Any CPU = Release|Any CPU
	EndGlobalSection
	GlobalSection(ProjectConfigurationPlatforms) = postSolution
		{78769B84-4A26-466A-8CCA-10FCBDEC833E}.Debug|Any CPU.ActiveCfg = Debug|Any CPU
		{78769B84-4A26-466A-8CCA-10FCBDEC833E}.Debug|Any CPU.Build.0 = Debug|Any CPU
		{78769B84-4A26-466A-8CCA-10FCBDEC833E}.Release|Any CPU.ActiveCfg = Release|Any CPU
		{78769B84-4A26-466A-8CCA-10FCBDEC833E}.Release|Any CPU.Build.0 = Release|Any CPU
	EndGlobalSection
	GlobalSection(SolutionProperties) = preSolution
		HideSolutionNode = FALSE
	EndGlobalSection
EndGlobal
